
Microsoft Visual Studio Solution File, Format Version 12.00
# Visual Studio Version 16
VisualStudioVersion = 16.0.31402.337
MinimumVisualStudioVersion = 10.0.40219.1
Project("{FAE04EC0-301F-11D3-BF4B-00C04F79EFBC}") = "BookWebApi", "BookWebApi\BookWebApi.csproj", "{74DB1F66-5B3E-4AFB-AB67-1AAC205F4013}"
EndProject
Global
	GlobalSection(SolutionConfigurationPlatforms) = preSolution
		Debug|Any CPU = Debug|Any CPU
		Release|Any CPU = Release|Any CPU
	EndGlobalSection
	GlobalSection(ProjectConfigurationPlatforms) = postSolution
		{74DB1F66-5B3E-4AFB-AB67-1AAC205F4013}.Debug|Any CPU.ActiveCfg = Debug|Any CPU
		{74DB1F66-5B3E-4AFB-AB67-1AAC205F4013}.Debug|Any CPU.Build.0 = Debug|Any CPU
		{74DB1F66-5B3E-4AFB-AB67-1AAC205F4013}.Release|Any CPU.ActiveCfg = Release|Any CPU
		{74DB1F66-5B3E-4AFB-AB67-1AAC205F4013}.Release|Any CPU.Build.0 = Release|Any CPU
	EndGlobalSection
	GlobalSection(SolutionProperties) = preSolution
		HideSolutionNode = FALSE
	EndGlobalSection
	GlobalSection(ExtensibilityGlobals) = postSolution
		SolutionGuid = {03221026-628E-46DA-91D2-2257CF24F303}
	EndGlobalSection
EndGlobal
